
Microsoft Visual Studio Solution File, Format Version 12.00
# Visual Studio Version 16
VisualStudioVersion = 16.0.808.4
MinimumVisualStudioVersion = 10.0.40219.1
Project("{FAE04EC0-301F-11D3-BF4B-00C04F79EFBC}") = "DemoProduce", "src\DemoProduce.csproj", "{2C77EE00-2EE6-4290-BE2C-192578A8F3EA}"
EndProject
Global
	GlobalSection(SolutionConfigurationPlatforms) = preSolution
		Debug|Any CPU = Debug|Any CPU
		Release|Any CPU = Release|Any CPU
	EndGlobalSection
	GlobalSection(ProjectConfigurationPlatforms) = postSolution
		{2C77EE00-2EE6-4290-BE2C-192578A8F3EA}.Debug|Any CPU.ActiveCfg = Debug|Any CPU
		{2C77EE00-2EE6-4290-BE2C-192578A8F3EA}.Debug|Any CPU.Build.0 = Debug|Any CPU
		{2C77EE00-2EE6-4290-BE2C-192578A8F3EA}.Release|Any CPU.ActiveCfg = Release|Any CPU
		{2C77EE00-2EE6-4290-BE2C-192578A8F3EA}.Release|Any CPU.Build.0 = Release|Any CPU
	EndGlobalSection
	GlobalSection(SolutionProperties) = preSolution
		HideSolutionNode = FALSE
	EndGlobalSection
	GlobalSection(ExtensibilityGlobals) = postSolution
		SolutionGuid = {4F2A4BE7-B258-413B-A7B7-F2DEE4B93FF1}
	EndGlobalSection
EndGlobal
